
Microsoft Visual Studio Solution File, Format Version 12.00
# Visual Studio Version 17
VisualStudioVersion = 17.7.34031.279
MinimumVisualStudioVersion = 10.0.40219.1
Project("{FAE04EC0-301F-11D3-BF4B-00C04F79EFBC}") = "LogisticManagementProject", "LogisticManagementProject\LogisticManagementProject.csproj", "{656F9D7C-C3E1-4D10-8887-15A74AD22A05}"
EndProject
Global
	GlobalSection(SolutionConfigurationPlatforms) = preSolution
		Debug|Any CPU = Debug|Any CPU
		Release|Any CPU = Release|Any CPU
	EndGlobalSection
	GlobalSection(ProjectConfigurationPlatforms) = postSolution
		{656F9D7C-C3E1-4D10-8887-15A74AD22A05}.Debug|Any CPU.ActiveCfg = Debug|Any CPU
		{656F9D7C-C3E1-4D10-8887-15A74AD22A05}.Debug|Any CPU.Build.0 = Debug|Any CPU
		{656F9D7C-C3E1-4D10-8887-15A74AD22A05}.Release|Any CPU.ActiveCfg = Release|Any CPU
		{656F9D7C-C3E1-4D10-8887-15A74AD22A05}.Release|Any CPU.Build.0 = Release|Any CPU
	EndGlobalSection
	GlobalSection(SolutionProperties) = preSolution
		HideSolutionNode = FALSE
	EndGlobalSection
	GlobalSection(ExtensibilityGlobals) = postSolution
		SolutionGuid = {FA8BB461-AFC0-421B-9B7E-D3866151B87E}
	EndGlobalSection
EndGlobal
